
Microsoft Visual Studio Solution File, Format Version 12.00
# Visual Studio Version 16
VisualStudioVersion = 16.0.31321.278
MinimumVisualStudioVersion = 10.0.40219.1
Project("{9A19103F-16F7-4668-BE54-9A1E7A4F7556}") = "Distance.Service", "src\Distance.Service\Distance.Service.csproj", "{70A4EDB1-70F4-48BD-9F09-48B7E87E3253}"
EndProject
Project("{9A19103F-16F7-4668-BE54-9A1E7A4F7556}") = "Repository", "src\Repository\Repository.csproj", "{89B1861E-3292-4B80-B153-8FC6BD74580A}"
EndProject
Project("{9A19103F-16F7-4668-BE54-9A1E7A4F7556}") = "Airports.Providers", "src\Airports.Providers\Airports.Providers.csproj", "{3BD77212-F212-4660-87E1-77159ED64023}"
EndProject
Global
	GlobalSection(SolutionConfigurationPlatforms) = preSolution
		Debug|Any CPU = Debug|Any CPU
		Release|Any CPU = Release|Any CPU
	EndGlobalSection
	GlobalSection(ProjectConfigurationPlatforms) = postSolution
		{70A4EDB1-70F4-48BD-9F09-48B7E87E3253}.Debug|Any CPU.ActiveCfg = Debug|Any CPU
		{70A4EDB1-70F4-48BD-9F09-48B7E87E3253}.Debug|Any CPU.Build.0 = Debug|Any CPU
		{70A4EDB1-70F4-48BD-9F09-48B7E87E3253}.Release|Any CPU.ActiveCfg = Release|Any CPU
		{70A4EDB1-70F4-48BD-9F09-48B7E87E3253}.Release|Any CPU.Build.0 = Release|Any CPU
		{89B1861E-3292-4B80-B153-8FC6BD74580A}.Debug|Any CPU.ActiveCfg = Debug|Any CPU
		{89B1861E-3292-4B80-B153-8FC6BD74580A}.Debug|Any CPU.Build.0 = Debug|Any CPU
		{89B1861E-3292-4B80-B153-8FC6BD74580A}.Release|Any CPU.ActiveCfg = Release|Any CPU
		{89B1861E-3292-4B80-B153-8FC6BD74580A}.Release|Any CPU.Build.0 = Release|Any CPU
		{3BD77212-F212-4660-87E1-77159ED64023}.Debug|Any CPU.ActiveCfg = Debug|Any CPU
		{3BD77212-F212-4660-87E1-77159ED64023}.Debug|Any CPU.Build.0 = Debug|Any CPU
		{3BD77212-F212-4660-87E1-77159ED64023}.Release|Any CPU.ActiveCfg = Release|Any CPU
		{3BD77212-F212-4660-87E1-77159ED64023}.Release|Any CPU.Build.0 = Release|Any CPU
	EndGlobalSection
	GlobalSection(SolutionProperties) = preSolution
		HideSolutionNode = FALSE
	EndGlobalSection
	GlobalSection(ExtensibilityGlobals) = postSolution
		SolutionGuid = {D76C8058-8CCD-4E67-AE89-D399B3DEAA8D}
	EndGlobalSection
EndGlobal
